
Microsoft Visual Studio Solution File, Format Version 12.00
# Visual Studio Version 18
VisualStudioVersion = 18.6.11806.211 stable
MinimumVisualStudioVersion = 10.0.40219.1
Project("{9A19103F-16F7-4668-BE54-9A1E7A4F7556}") = "KashFlowApiClient", "KashFlowApiClient\KashFlowApiClient.csproj", "{A1E97F01-9DDC-4E1F-AB45-DC90C8A1D9EB}"
EndProject
Project("{FAE04EC0-301F-11D3-BF4B-00C04F79EFBC}") = "Test", "Test\Test.csproj", "{46977A81-B99A-4B86-A223-2AE88BF9E3AB}"
EndProject
Project("{2150E333-8FDC-42A3-9474-1A3956D46DE8}") = "Solution Items", "Solution Items", "{666B530E-F762-4691-9157-7CD068F5A693}"
	ProjectSection(SolutionItems) = preProject
		LICENSE = LICENSE
		README.md = README.md
	EndProjectSection
EndProject
Global
	GlobalSection(SolutionConfigurationPlatforms) = preSolution
		Debug|Any CPU = Debug|Any CPU
		Release|Any CPU = Release|Any CPU
	EndGlobalSection
	GlobalSection(ProjectConfigurationPlatforms) = postSolution
		{A1E97F01-9DDC-4E1F-AB45-DC90C8A1D9EB}.Debug|Any CPU.ActiveCfg = Debug|Any CPU
		{A1E97F01-9DDC-4E1F-AB45-DC90C8A1D9EB}.Debug|Any CPU.Build.0 = Debug|Any CPU
		{A1E97F01-9DDC-4E1F-AB45-DC90C8A1D9EB}.Release|Any CPU.ActiveCfg = Release|Any CPU
		{A1E97F01-9DDC-4E1F-AB45-DC90C8A1D9EB}.Release|Any CPU.Build.0 = Release|Any CPU
		{46977A81-B99A-4B86-A223-2AE88BF9E3AB}.Debug|Any CPU.ActiveCfg = Debug|Any CPU
		{46977A81-B99A-4B86-A223-2AE88BF9E3AB}.Debug|Any CPU.Build.0 = Debug|Any CPU
		{46977A81-B99A-4B86-A223-2AE88BF9E3AB}.Release|Any CPU.ActiveCfg = Release|Any CPU
		{46977A81-B99A-4B86-A223-2AE88BF9E3AB}.Release|Any CPU.Build.0 = Release|Any CPU
	EndGlobalSection
	GlobalSection(SolutionProperties) = preSolution
		HideSolutionNode = FALSE
	EndGlobalSection
	GlobalSection(ExtensibilityGlobals) = postSolution
		SolutionGuid = {13EF1829-E779-415C-A3E9-BF6CA6C98343}
	EndGlobalSection
EndGlobal
